// !$*UTF8*$!
{
	archiveVersion = 1;
	classes = {
	};
	objectVersion = 46;
	objects = {

/* Begin PBXBuildFile section */
		CB0527FB1F12FD14007320DE /* Tiger.jpg in Resources */ = {isa = PBXBuildFile; fileRef = CB0527FA1F12FD14007320DE /* Tiger.jpg */; };
		CB0527FD1F13006D007320DE /* FinalViewController.swift in Sources */ = {isa = PBXBuildFile; fileRef = CB0527FC1F13006D007320DE /* FinalViewController.swift */; };
		CB5EEB921F1286DB00268F73 /* AppDelegate.swift in Sources */ = {isa = PBXBuildFile; fileRef = CB5EEB911F1286DB00268F73 /* AppDelegate.swift */; };
		CB5EEB941F1286DB00268F73 /* ViewController.swift in Sources */ = {isa = PBXBuildFile; fileRef = CB5EEB931F1286DB00268F73 /* ViewController.swift */; };
		CB5EEB971F1286DB00268F73 /* Main.storyboard in Resources */ = {isa = PBXBuildFile; fileRef = CB5EEB951F1286DB00268F73 /* Main.storyboard */; };
		CB5EEB991F1286DB00268F73 /* Assets.xcassets in Resources */ = {isa = PBXBuildFile; fileRef = CB5EEB981F1286DB00268F73 /* Assets.xcassets */; };
		CB5EEB9C1F1286DB00268F73 /* LaunchScreen.storyboard in Resources */ = {isa = PBXBuildFile; fileRef = CB5EEB9A1F1286DB00268F73 /* LaunchScreen.storyboard */; };
		CB891E6F1F12D09B00371647 /* Adiga Adiga.mp3 in Resources */ = {isa = PBXBuildFile; fileRef = CB891E6B1F12D09B00371647 /* Adiga Adiga.mp3 */; };
		CB891E701F12D09B00371647 /* Hey Badhulu Cheppavey.mp3 in Resources */ = {isa = PBXBuildFile; fileRef = CB891E6C1F12D09B00371647 /* Hey Badhulu Cheppavey.mp3 */; };
		CB891E711F12D09B00371647 /* Once Upon a Time Lo.mp3 in Resources */ = {isa = PBXBuildFile; fileRef = CB891E6D1F12D09B00371647 /* Once Upon a Time Lo.mp3 */; };
		CB891E721F12D09B00371647 /* Unnatundi Gundey.mp3 in Resources */ = {isa = PBXBuildFile; fileRef = CB891E6E1F12D09B00371647 /* Unnatundi Gundey.mp3 */; };
		CBA45D601F12C307006BF64F /* FirstViewController.swift in Sources */ = {isa = PBXBuildFile; fileRef = CBA45D5F1F12C307006BF64F /* FirstViewController.swift */; };
/* End PBXBuildFile section */

/* Begin PBXFileReference section */
		CB0527FA1F12FD14007320DE /* Tiger.jpg */ = {isa = PBXFileReference; lastKnownFileType = image.jpeg; path = Tiger.jpg; sourceTree = "<group>"; };
		CB0527FC1F13006D007320DE /* FinalViewController.swift */ = {isa = PBXFileReference; fileEncoding = 4; lastKnownFileType = sourcecode.swift; path = FinalViewController.swift; sourceTree = "<group>"; };
		CB5EEB8E1F1286DB00268F73 /* AR Music.app */ = {isa = PBXFileReference; explicitFileType = wrapper.application; includeInIndex = 0; path = "AR Music.app"; sourceTree = BUILT_PRODUCTS_DIR; };
		CB5EEB911F1286DB00268F73 /* AppDelegate.swift */ = {isa = PBXFileReference; lastKnownFileType = sourcecode.swift; path = AppDelegate.swift; sourceTree = "<group>"; };
		CB5EEB931F1286DB00268F73 /* ViewController.swift */ = {isa = PBXFileReference; lastKnownFileType = sourcecode.swift; path = ViewController.swift; sourceTree = "<group>"; };
		CB5EEB961F1286DB00268F73 /* Base */ = {isa = PBXFileReference; lastKnownFileType = file.storyboard; name = Base; path = Base.lproj/Main.storyboard; sourceTree = "<group>"; };
		CB5EEB981F1286DB00268F73 /* Assets.xcassets */ = {isa = PBXFileReference; lastKnownFileType = folder.assetcatalog; path = Assets.xcassets; sourceTree = "<group>"; };
		CB5EEB9B1F1286DB00268F73 /* Base */ = {isa = PBXFileReference; lastKnownFileType = file.storyboard; name = Base; path = Base.lproj/LaunchScreen.storyboard; sourceTree = "<group>"; };
		CB5EEB9D1F1286DB00268F73 /* Info.plist */ = {isa = PBXFileReference; lastKnownFileType = text.plist.xml; path = Info.plist; sourceTree = "<group>"; };
		CB891E6B1F12D09B00371647 /* Adiga Adiga.mp3 */ = {isa = PBXFileReference; lastKnownFileType = audio.mp3; path = "Adiga Adiga.mp3"; sourceTree = "<group>"; };
		CB891E6C1F12D09B00371647 /* Hey Badhulu Cheppavey.mp3 */ = {isa = PBXFileReference; lastKnownFileType = audio.mp3; path = "Hey Badhulu Cheppavey.mp3"; sourceTree = "<group>"; };
		CB891E6D1F12D09B00371647 /* Once Upon a Time Lo.mp3 */ = {isa = PBXFileReference; lastKnownFileType = audio.mp3; path = "Once Upon a Time Lo.mp3"; sourceTree = "<group>"; };
		CB891E6E1F12D09B00371647 /* Unnatundi Gundey.mp3 */ = {isa = PBXFileReference; lastKnownFileType = audio.mp3; path = "Unnatundi Gundey.mp3"; sourceTree = "<group>"; };
		CBA45D5F1F12C307006BF64F /* FirstViewController.swift */ = {isa = PBXFileReference; fileEncoding = 4; lastKnownFileType = sourcecode.swift; path = FirstViewController.swift; sourceTree = "<group>"; };
/* End PBXFileReference section */

/* Begin PBXFrameworksBuildPhase section */
		CB5EEB8B1F1286DB00268F73 /* Frameworks */ = {
			isa = PBXFrameworksBuildPhase;
			buildActionMask = 2147483647;
			files = (
			);
			runOnlyForDeploymentPostprocessing = 0;
		};
/* End PBXFrameworksBuildPhase section */

/* Begin PBXGroup section */
		CB5EEB851F1286DA00268F73 = {
			isa = PBXGroup;
			children = (
				CB5EEB901F1286DB00268F73 /* AR Music */,
				CB5EEB8F1F1286DB00268F73 /* Products */,
			);
			sourceTree = "<group>";
		};
		CB5EEB8F1F1286DB00268F73 /* Products */ = {
			isa = PBXGroup;
			children = (
				CB5EEB8E1F1286DB00268F73 /* AR Music.app */,
			);
			name = Products;
			sourceTree = "<group>";
		};
		CB5EEB901F1286DB00268F73 /* AR Music */ = {
			isa = PBXGroup;
			children = (
				CB5EEB911F1286DB00268F73 /* AppDelegate.swift */,
				CB5EEB931F1286DB00268F73 /* ViewController.swift */,
				CBA45D5F1F12C307006BF64F /* FirstViewController.swift */,
				CB0527FC1F13006D007320DE /* FinalViewController.swift */,
				CB5EEB951F1286DB00268F73 /* Main.storyboard */,
				CB5EEB9A1F1286DB00268F73 /* LaunchScreen.storyboard */,
				CB5EEB981F1286DB00268F73 /* Assets.xcassets */,
				CB0527FA1F12FD14007320DE /* Tiger.jpg */,
				CB891E6A1F12D09B00371647 /* Songs */,
				CB5EEB9D1F1286DB00268F73 /* Info.plist */,
			);
			path = "AR Music";
			sourceTree = "<group>";
		};
		CB891E6A1F12D09B00371647 /* Songs */ = {
			isa = PBXGroup;
			children = (
				CB891E6B1F12D09B00371647 /* Adiga Adiga.mp3 */,
				CB891E6C1F12D09B00371647 /* Hey Badhulu Cheppavey.mp3 */,
				CB891E6D1F12D09B00371647 /* Once Upon a Time Lo.mp3 */,
				CB891E6E1F12D09B00371647 /* Unnatundi Gundey.mp3 */,
			);
			path = Songs;
			sourceTree = "<group>";
		};
/* End PBXGroup section */

/* Begin PBXNativeTarget section */
		CB5EEB8D1F1286DB00268F73 /* AR Music */ = {
			isa = PBXNativeTarget;
			buildConfigurationList = CB5EEBA01F1286DB00268F73 /* Build configuration list for PBXNativeTarget "AR Music" */;
			buildPhases = (
				CB5EEB8A1F1286DB00268F73 /* Sources */,
				CB5EEB8B1F1286DB00268F73 /* Frameworks */,
				CB5EEB8C1F1286DB00268F73 /* Resources */,
			);
			buildRules = (
			);
			dependencies = (
			);
			name = "AR Music";
			productName = "AR Music";
			productReference = CB5EEB8E1F1286DB00268F73 /* AR Music.app */;
			productType = "com.apple.product-type.application";
		};
/* End PBXNativeTarget section */

/* Begin PBXProject section */
		CB5EEB861F1286DA00268F73 /* Project object */ = {
			isa = PBXProject;
			attributes = {
				LastSwiftUpdateCheck = 0830;
				LastUpgradeCheck = 0830;
				ORGANIZATIONNAME = Raghavi;
				TargetAttributes = {
					CB5EEB8D1F1286DB00268F73 = {
						CreatedOnToolsVersion = 8.3.3;
						ProvisioningStyle = Automatic;
					};
				};
			};
			buildConfigurationList = CB5EEB891F1286DB00268F73 /* Build configuration list for PBXProject "AR Music" */;
			compatibilityVersion = "Xcode 3.2";
			developmentRegion = English;
			hasScannedForEncodings = 0;
			knownRegions = (
				en,
				Base,
			);
			mainGroup = CB5EEB851F1286DA00268F73;
			productRefGroup = CB5EEB8F1F1286DB00268F73 /* Products */;
			projectDirPath = "";
			projectRoot = "";
			targets = (
				CB5EEB8D1F1286DB00268F73 /* AR Music */,
			);
		};
/* End PBXProject section */

/* Begin PBXResourcesBuildPhase section */
		CB5EEB8C1F1286DB00268F73 /* Resources */ = {
			isa = PBXResourcesBuildPhase;
			buildActionMask = 2147483647;
			files = (
				CB891E701F12D09B00371647 /* Hey Badhulu Cheppavey.mp3 in Resources */,
				CB5EEB9C1F1286DB00268F73 /* LaunchScreen.storyboard in Resources */,
				CB891E6F1F12D09B00371647 /* Adiga Adiga.mp3 in Resources */,
				CB0527FB1F12FD14007320DE /* Tiger.jpg in Resources */,
				CB891E721F12D09B00371647 /* Unnatundi Gundey.mp3 in Resources */,
				CB891E711F12D09B00371647 /* Once Upon a Time Lo.mp3 in Resources */,
				CB5EEB991F1286DB00268F73 /* Assets.xcassets in Resources */,
				CB5EEB971F1286DB00268F73 /* Main.storyboard in Resources */,
			);
			runOnlyForDeploymentPostprocessing = 0;
		};
/* End PBXResourcesBuildPhase section */

/* Begin PBXSourcesBuildPhase section */
		CB5EEB8A1F1286DB00268F73 /* Sources */ = {
			isa = PBXSourcesBuildPhase;
			buildActionMask = 2147483647;
			files = (
				CB0527FD1F13006D007320DE /* FinalViewController.swift in Sources */,
				CBA45D601F12C307006BF64F /* FirstViewController.swift in Sources */,
				CB5EEB941F1286DB00268F73 /* ViewController.swift in Sources */,
				CB5EEB921F1286DB00268F73 /* AppDelegate.swift in Sources */,
			);
			runOnlyForDeploymentPostprocessing = 0;
		};
/* End PBXSourcesBuildPhase section */

/* Begin PBXVariantGroup section */
		CB5EEB951F1286DB00268F73 /* Main.storyboard */ = {
			isa = PBXVariantGroup;
			children = (
				CB5EEB961F1286DB00268F73 /* Base */,
			);
			name = Main.storyboard;
			sourceTree = "<group>";
		};
		CB5EEB9A1F1286DB00268F73 /* LaunchScreen.storyboard */ = {
			isa = PBXVariantGroup;
			children = (
				CB5EEB9B1F1286DB00268F73 /* Base */,
			);
			name = LaunchScreen.storyboard;
			sourceTree = "<group>";
		};
/* End PBXVariantGroup section */

/* Begin XCBuildConfiguration section */
		CB5EEB9E1F1286DB00268F73 /* Debug */ = {
			isa = XCBuildConfiguration;
			buildSettings = {
				ALWAYS_SEARCH_USER_PATHS = NO;
				CLANG_ANALYZER_NONNULL = YES;
				CLANG_ANALYZER_NUMBER_OBJECT_CONVERSION = YES_AGGRESSIVE;
				CLANG_CXX_LANGUAGE_STANDARD = "gnu++0x";
				CLANG_CXX_LIBRARY = "libc++";
				CLANG_ENABLE_MODULES = YES;
				CLANG_ENABLE_OBJC_ARC = YES;
				CLANG_WARN_BOOL_CONVERSION = YES;
				CLANG_WARN_CONSTANT_CONVERSION = YES;
				CLANG_WARN_DIRECT_OBJC_ISA_USAGE = YES_ERROR;
				CLANG_WARN_DOCUMENTATION_COMMENTS = YES;
				CLANG_WARN_EMPTY_BODY = YES;
				CLANG_WARN_ENUM_CONVERSION = YES;
				CLANG_WARN_INFINITE_RECURSION = YES;
				CLANG_WARN_INT_CONVERSION = YES;
				CLANG_WARN_OBJC_ROOT_CLASS = YES_ERROR;
				CLANG_WARN_SUSPICIOUS_MOVE = YES;
				CLANG_WARN_UNREACHABLE_CODE = YES;
				CLANG_WARN__DUPLICATE_METHOD_MATCH = YES;
				"CODE_SIGN_IDENTITY[sdk=iphoneos*]" = "iPhone Developer";
				COPY_PHASE_STRIP = NO;
				DEBUG_INFORMATION_FORMAT = dwarf;
				ENABLE_STRICT_OBJC_MSGSEND = YES;
				ENABLE_TESTABILITY = YES;
				GCC_C_LANGUAGE_STANDARD = gnu99;
				GCC_DYNAMIC_NO_PIC = NO;
				GCC_NO_COMMON_BLOCKS = YES;
				GCC_OPTIMIZATION_LEVEL = 0;
				GCC_PREPROCESSOR_DEFINITIONS = (
					"DEBUG=1",
					"$(inherited)",
				);
				GCC_WARN_64_TO_32_BIT_CONVERSION = YES;
				GCC_WARN_ABOUT_RETURN_TYPE = YES_ERROR;
				GCC_WARN_UNDECLARED_SELECTOR = YES;
				GCC_WARN_UNINITIALIZED_AUTOS = YES_AGGRESSIVE;
				GCC_WARN_UNUSED_FUNCTION = YES;
				GCC_WARN_UNUSED_VARIABLE = YES;
				IPHONEOS_DEPLOYMENT_TARGET = 10.3;
				MTL_ENABLE_DEBUG_INFO = YES;
				ONLY_ACTIVE_ARCH = YES;
				SDKROOT = iphoneos;
				SWIFT_ACTIVE_COMPILATION_CONDITIONS = DEBUG;
				SWIFT_OPTIMIZATION_LEVEL = "-Onone";
			};
			name = Debug;
		};
		CB5EEB9F1F1286DB00268F73 /* Release */ = {
			isa = XCBuildConfiguration;
			buildSettings = {
				ALWAYS_SEARCH_USER_PATHS = NO;
				CLANG_ANALYZER_NONNULL = YES;
				CLANG_ANALYZER_NUMBER_OBJECT_CONVERSION = YES_AGGRESSIVE;
				CLANG_CXX_LANGUAGE_STANDARD = "gnu++0x";
				CLANG_CXX_LIBRARY = "libc++";
				CLANG_ENABLE_MODULES = YES;
				CLANG_ENABLE_OBJC_ARC = YES;
				CLANG_WARN_BOOL_CONVERSION = YES;
				CLANG_WARN_CONSTANT_CONVERSION = YES;
				CLANG_WARN_DIRECT_OBJC_ISA_USAGE = YES_ERROR;
				CLANG_WARN_DOCUMENTATION_COMMENTS = YES;
				CLANG_WARN_EMPTY_BODY = YES;
				CLANG_WARN_ENUM_CONVERSION = YES;
				CLANG_WARN_INFINITE_RECURSION = YES;
				CLANG_WARN_INT_CONVERSION = YES;
				CLANG_WARN_OBJC_ROOT_CLASS = YES_ERROR;
				CLANG_WARN_SUSPICIOUS_MOVE = YES;
				CLANG_WARN_UNREACHABLE_CODE = YES;
				CLANG_WARN__DUPLICATE_METHOD_MATCH = YES;
				"CODE_SIGN_IDENTITY[sdk=iphoneos*]" = "iPhone Developer";
				COPY_PHASE_STRIP = NO;
				DEBUG_INFORMATION_FORMAT = "dwarf-with-dsym";
				ENABLE_NS_ASSERTIONS = NO;
				ENABLE_STRICT_OBJC_MSGSEND = YES;
				GCC_C_LANGUAGE_STANDARD = gnu99;
				GCC_NO_COMMON_BLOCKS = YES;
				GCC_WARN_64_TO_32_BIT_CONVERSION = YES;
				GCC_WARN_ABOUT_RETURN_TYPE = YES_ERROR;
				GCC_WARN_UNDECLARED_SELECTOR = YES;
				GCC_WARN_UNINITIALIZED_AUTOS = YES_AGGRESSIVE;
				GCC_WARN_UNUSED_FUNCTION = YES;
				GCC_WARN_UNUSED_VARIABLE = YES;
				IPHONEOS_DEPLOYMENT_TARGET = 10.3;
				MTL_ENABLE_DEBUG_INFO = NO;
				SDKROOT = iphoneos;
				SWIFT_OPTIMIZATION_LEVEL = "-Owholemodule";
				VALIDATE_PRODUCT = YES;
			};
			name = Release;
		};
		CB5EEBA11F1286DB00268F73 /* Debug */ = {
			isa = XCBuildConfiguration;
			buildSettings = {
				ASSETCATALOG_COMPILER_APPICON_NAME = AppIcon;
				INFOPLIST_FILE = "AR Music/Info.plist";
				LD_RUNPATH_SEARCH_PATHS = "$(inherited) @executable_path/Frameworks";
				PRODUCT_BUNDLE_IDENTIFIER = "com.hello.AR-Music";
				PRODUCT_NAME = "$(TARGET_NAME)";
				SWIFT_VERSION = 3.0;
			};
			name = Debug;
		};
		CB5EEBA21F1286DB00268F73 /* Release */ = {
			isa = XCBuildConfiguration;
			buildSettings = {
				ASSETCATALOG_COMPILER_APPICON_NAME = AppIcon;
				INFOPLIST_FILE = "AR Music/Info.plist";
				LD_RUNPATH_SEARCH_PATHS = "$(inherited) @executable_path/Frameworks";
				PRODUCT_BUNDLE_IDENTIFIER = "com.hello.AR-Music";
				PRODUCT_NAME = "$(TARGET_NAME)";
				SWIFT_VERSION = 3.0;
			};
			name = Release;
		};
/* End XCBuildConfiguration section */

/* Begin XCConfigurationList section */
		CB5EEB891F1286DB00268F73 /* Build configuration list for PBXProject "AR Music" */ = {
			isa = XCConfigurationList;
			buildConfigurations = (
				CB5EEB9E1F1286DB00268F73 /* Debug */,
				CB5EEB9F1F1286DB00268F73 /* Release */,
			);
			defaultConfigurationIsVisible = 0;
			defaultConfigurationName = Release;
		};
		CB5EEBA01F1286DB00268F73 /* Build configuration list for PBXNativeTarget "AR Music" */ = {
			isa = XCConfigurationList;
			buildConfigurations = (
				CB5EEBA11F1286DB00268F73 /* Debug */,
				CB5EEBA21F1286DB00268F73 /* Release */,
			);
			defaultConfigurationIsVisible = 0;
			defaultConfigurationName = Release;
		};
/* End XCConfigurationList section */
	};
	rootObject = CB5EEB861F1286DA00268F73 /* Project object */;
}
